
Microsoft Visual Studio Solution File, Format Version 12.00
# Visual Studio Version 16
VisualStudioVersion = 16.0.29324.140
MinimumVisualStudioVersion = 10.0.40219.1
Project("{FAE04EC0-301F-11D3-BF4B-00C04F79EFBC}") = "OnlineSociety", "OnlineSociety\OnlineSociety.csproj", "{A688E166-5FDB-4D7F-9000-E605DDD35BD2}"
EndProject
Project("{FAE04EC0-301F-11D3-BF4B-00C04F79EFBC}") = "OnlineSociety.Models", "OnlineSociety.Models\OnlineSociety.Models.csproj", "{BCC8CE82-0850-4AAE-A5DD-B9387F944A9B}"
EndProject
Project("{FAE04EC0-301F-11D3-BF4B-00C04F79EFBC}") = "OnlineSociety.DataService", "OnlineSociety.DataService\OnlineSociety.DataService.csproj", "{5DD47B98-82FB-4785-9C1F-C29DB6263528}"
EndProject
Global
	GlobalSection(SolutionConfigurationPlatforms) = preSolution
		Debug|Any CPU = Debug|Any CPU
		Release|Any CPU = Release|Any CPU
	EndGlobalSection
	GlobalSection(ProjectConfigurationPlatforms) = postSolution
		{A688E166-5FDB-4D7F-9000-E605DDD35BD2}.Debug|Any CPU.ActiveCfg = Debug|Any CPU
		{A688E166-5FDB-4D7F-9000-E605DDD35BD2}.Debug|Any CPU.Build.0 = Debug|Any CPU
		{A688E166-5FDB-4D7F-9000-E605DDD35BD2}.Release|Any CPU.ActiveCfg = Release|Any CPU
		{A688E166-5FDB-4D7F-9000-E605DDD35BD2}.Release|Any CPU.Build.0 = Release|Any CPU
		{BCC8CE82-0850-4AAE-A5DD-B9387F944A9B}.Debug|Any CPU.ActiveCfg = Debug|Any CPU
		{BCC8CE82-0850-4AAE-A5DD-B9387F944A9B}.Debug|Any CPU.Build.0 = Debug|Any CPU
		{BCC8CE82-0850-4AAE-A5DD-B9387F944A9B}.Release|Any CPU.ActiveCfg = Release|Any CPU
		{BCC8CE82-0850-4AAE-A5DD-B9387F944A9B}.Release|Any CPU.Build.0 = Release|Any CPU
		{5DD47B98-82FB-4785-9C1F-C29DB6263528}.Debug|Any CPU.ActiveCfg = Debug|Any CPU
		{5DD47B98-82FB-4785-9C1F-C29DB6263528}.Debug|Any CPU.Build.0 = Debug|Any CPU
		{5DD47B98-82FB-4785-9C1F-C29DB6263528}.Release|Any CPU.ActiveCfg = Release|Any CPU
		{5DD47B98-82FB-4785-9C1F-C29DB6263528}.Release|Any CPU.Build.0 = Release|Any CPU
	EndGlobalSection
	GlobalSection(SolutionProperties) = preSolution
		HideSolutionNode = FALSE
	EndGlobalSection
	GlobalSection(ExtensibilityGlobals) = postSolution
		SolutionGuid = {197ED546-2700-4328-B466-D5A88A22C505}
	EndGlobalSection
EndGlobal
